
Microsoft Visual Studio Solution File, Format Version 12.00
# Visual Studio 2013
VisualStudioVersion = 12.0.30501.0
MinimumVisualStudioVersion = 10.0.40219.1
Project("{FAE04EC0-301F-11D3-BF4B-00C04F79EFBC}") = "Weathr81", "Weathr81\Weathr81.csproj", "{65C8FF64-D229-471D-B040-6D5559A0C090}"
EndProject
Project("{FAE04EC0-301F-11D3-BF4B-00C04F79EFBC}") = "WundergroundData", "WundergroundData\WundergroundData.csproj", "{ABBC48BE-9EA0-4609-A271-5193743C32FB}"
EndProject
Project("{FAE04EC0-301F-11D3-BF4B-00C04F79EFBC}") = "FlickrInfo", "FlickrInfo\FlickrInfo.csproj", "{DED75474-5A33-44B5-A526-C1CD6BE15AE1}"
EndProject
Project("{FAE04EC0-301F-11D3-BF4B-00C04F79EFBC}") = "WeatherDotGovAlerts", "WeatherDotGovAlerts\WeatherDotGovAlerts.csproj", "{99D27BBB-8539-42AC-A082-A9E21D566A57}"
EndProject
Project("{FAE04EC0-301F-11D3-BF4B-00C04F79EFBC}") = "LocationHelper", "LocationHelper\LocationHelper.csproj", "{05D2C99B-E1CE-4290-AEFA-C60D39B59D29}"
EndProject
Project("{FAE04EC0-301F-11D3-BF4B-00C04F79EFBC}") = "Serializer", "Serializer\Serializer.csproj", "{56229CF6-90A9-4B6F-B379-016BD40D7969}"
EndProject
Project("{FAE04EC0-301F-11D3-BF4B-00C04F79EFBC}") = "ForecastIOData", "ForecastIOData\ForecastIOData.csproj", "{706B5052-ECE9-4CB8-A484-0377FF0CD3BD}"
EndProject
Global
	GlobalSection(SolutionConfigurationPlatforms) = preSolution
		Debug|Any CPU = Debug|Any CPU
		Debug|ARM = Debug|ARM
		Debug|x86 = Debug|x86
		Release|Any CPU = Release|Any CPU
		Release|ARM = Release|ARM
		Release|x86 = Release|x86
	EndGlobalSection
	GlobalSection(ProjectConfigurationPlatforms) = postSolution
		{65C8FF64-D229-471D-B040-6D5559A0C090}.Debug|Any CPU.ActiveCfg = Debug|Any CPU
		{65C8FF64-D229-471D-B040-6D5559A0C090}.Debug|Any CPU.Build.0 = Debug|Any CPU
		{65C8FF64-D229-471D-B040-6D5559A0C090}.Debug|Any CPU.Deploy.0 = Debug|Any CPU
		{65C8FF64-D229-471D-B040-6D5559A0C090}.Debug|ARM.ActiveCfg = Debug|ARM
		{65C8FF64-D229-471D-B040-6D5559A0C090}.Debug|ARM.Build.0 = Debug|ARM
		{65C8FF64-D229-471D-B040-6D5559A0C090}.Debug|ARM.Deploy.0 = Debug|ARM
		{65C8FF64-D229-471D-B040-6D5559A0C090}.Debug|x86.ActiveCfg = Debug|x86
		{65C8FF64-D229-471D-B040-6D5559A0C090}.Debug|x86.Build.0 = Debug|x86
		{65C8FF64-D229-471D-B040-6D5559A0C090}.Debug|x86.Deploy.0 = Debug|x86
		{65C8FF64-D229-471D-B040-6D5559A0C090}.Release|Any CPU.ActiveCfg = Release|Any CPU
		{65C8FF64-D229-471D-B040-6D5559A0C090}.Release|Any CPU.Build.0 = Release|Any CPU
		{65C8FF64-D229-471D-B040-6D5559A0C090}.Release|Any CPU.Deploy.0 = Release|Any CPU
		{65C8FF64-D229-471D-B040-6D5559A0C090}.Release|ARM.ActiveCfg = Release|ARM
		{65C8FF64-D229-471D-B040-6D5559A0C090}.Release|ARM.Build.0 = Release|ARM
		{65C8FF64-D229-471D-B040-6D5559A0C090}.Release|ARM.Deploy.0 = Release|ARM
		{65C8FF64-D229-471D-B040-6D5559A0C090}.Release|x86.ActiveCfg = Release|x86
		{65C8FF64-D229-471D-B040-6D5559A0C090}.Release|x86.Build.0 = Release|x86
		{65C8FF64-D229-471D-B040-6D5559A0C090}.Release|x86.Deploy.0 = Release|x86
		{ABBC48BE-9EA0-4609-A271-5193743C32FB}.Debug|Any CPU.ActiveCfg = Debug|Any CPU
		{ABBC48BE-9EA0-4609-A271-5193743C32FB}.Debug|Any CPU.Build.0 = Debug|Any CPU
		{ABBC48BE-9EA0-4609-A271-5193743C32FB}.Debug|ARM.ActiveCfg = Debug|ARM
		{ABBC48BE-9EA0-4609-A271-5193743C32FB}.Debug|ARM.Build.0 = Debug|ARM
		{ABBC48BE-9EA0-4609-A271-5193743C32FB}.Debug|x86.ActiveCfg = Debug|x86
		{ABBC48BE-9EA0-4609-A271-5193743C32FB}.Debug|x86.Build.0 = Debug|x86
		{ABBC48BE-9EA0-4609-A271-5193743C32FB}.Release|Any CPU.ActiveCfg = Release|Any CPU
		{ABBC48BE-9EA0-4609-A271-5193743C32FB}.Release|Any CPU.Build.0 = Release|Any CPU
		{ABBC48BE-9EA0-4609-A271-5193743C32FB}.Release|ARM.ActiveCfg = Release|ARM
		{ABBC48BE-9EA0-4609-A271-5193743C32FB}.Release|ARM.Build.0 = Release|ARM
		{ABBC48BE-9EA0-4609-A271-5193743C32FB}.Release|x86.ActiveCfg = Release|x86
		{ABBC48BE-9EA0-4609-A271-5193743C32FB}.Release|x86.Build.0 = Release|x86
		{DED75474-5A33-44B5-A526-C1CD6BE15AE1}.Debug|Any CPU.ActiveCfg = Debug|Any CPU
		{DED75474-5A33-44B5-A526-C1CD6BE15AE1}.Debug|Any CPU.Build.0 = Debug|Any CPU
		{DED75474-5A33-44B5-A526-C1CD6BE15AE1}.Debug|ARM.ActiveCfg = Debug|ARM
		{DED75474-5A33-44B5-A526-C1CD6BE15AE1}.Debug|ARM.Build.0 = Debug|ARM
		{DED75474-5A33-44B5-A526-C1CD6BE15AE1}.Debug|x86.ActiveCfg = Debug|x86
		{DED75474-5A33-44B5-A526-C1CD6BE15AE1}.Debug|x86.Build.0 = Debug|x86
		{DED75474-5A33-44B5-A526-C1CD6BE15AE1}.Release|Any CPU.ActiveCfg = Release|Any CPU
		{DED75474-5A33-44B5-A526-C1CD6BE15AE1}.Release|Any CPU.Build.0 = Release|Any CPU
		{DED75474-5A33-44B5-A526-C1CD6BE15AE1}.Release|ARM.ActiveCfg = Release|ARM
		{DED75474-5A33-44B5-A526-C1CD6BE15AE1}.Release|ARM.Build.0 = Release|ARM
		{DED75474-5A33-44B5-A526-C1CD6BE15AE1}.Release|x86.ActiveCfg = Release|x86
		{DED75474-5A33-44B5-A526-C1CD6BE15AE1}.Release|x86.Build.0 = Release|x86
		{99D27BBB-8539-42AC-A082-A9E21D566A57}.Debug|Any CPU.ActiveCfg = Debug|Any CPU
		{99D27BBB-8539-42AC-A082-A9E21D566A57}.Debug|Any CPU.Build.0 = Debug|Any CPU
		{99D27BBB-8539-42AC-A082-A9E21D566A57}.Debug|ARM.ActiveCfg = Debug|ARM
		{99D27BBB-8539-42AC-A082-A9E21D566A57}.Debug|ARM.Build.0 = Debug|ARM
		{99D27BBB-8539-42AC-A082-A9E21D566A57}.Debug|x86.ActiveCfg = Debug|x86
		{99D27BBB-8539-42AC-A082-A9E21D566A57}.Debug|x86.Build.0 = Debug|x86
		{99D27BBB-8539-42AC-A082-A9E21D566A57}.Release|Any CPU.ActiveCfg = Release|Any CPU
		{99D27BBB-8539-42AC-A082-A9E21D566A57}.Release|Any CPU.Build.0 = Release|Any CPU
		{99D27BBB-8539-42AC-A082-A9E21D566A57}.Release|ARM.ActiveCfg = Release|ARM
		{99D27BBB-8539-42AC-A082-A9E21D566A57}.Release|ARM.Build.0 = Release|ARM
		{99D27BBB-8539-42AC-A082-A9E21D566A57}.Release|x86.ActiveCfg = Release|x86
		{99D27BBB-8539-42AC-A082-A9E21D566A57}.Release|x86.Build.0 = Release|x86
		{05D2C99B-E1CE-4290-AEFA-C60D39B59D29}.Debug|Any CPU.ActiveCfg = Debug|Any CPU
		{05D2C99B-E1CE-4290-AEFA-C60D39B59D29}.Debug|Any CPU.Build.0 = Debug|Any CPU
		{05D2C99B-E1CE-4290-AEFA-C60D39B59D29}.Debug|ARM.ActiveCfg = Debug|ARM
		{05D2C99B-E1CE-4290-AEFA-C60D39B59D29}.Debug|ARM.Build.0 = Debug|ARM
		{05D2C99B-E1CE-4290-AEFA-C60D39B59D29}.Debug|x86.ActiveCfg = Debug|x86
		{05D2C99B-E1CE-4290-AEFA-C60D39B59D29}.Debug|x86.Build.0 = Debug|x86
		{05D2C99B-E1CE-4290-AEFA-C60D39B59D29}.Release|Any CPU.ActiveCfg = Release|Any CPU
		{05D2C99B-E1CE-4290-AEFA-C60D39B59D29}.Release|Any CPU.Build.0 = Release|Any CPU
		{05D2C99B-E1CE-4290-AEFA-C60D39B59D29}.Release|ARM.ActiveCfg = Release|ARM
		{05D2C99B-E1CE-4290-AEFA-C60D39B59D29}.Release|ARM.Build.0 = Release|ARM
		{05D2C99B-E1CE-4290-AEFA-C60D39B59D29}.Release|x86.ActiveCfg = Release|x86
		{05D2C99B-E1CE-4290-AEFA-C60D39B59D29}.Release|x86.Build.0 = Release|x86
		{56229CF6-90A9-4B6F-B379-016BD40D7969}.Debug|Any CPU.ActiveCfg = Debug|Any CPU
		{56229CF6-90A9-4B6F-B379-016BD40D7969}.Debug|Any CPU.Build.0 = Debug|Any CPU
		{56229CF6-90A9-4B6F-B379-016BD40D7969}.Debug|ARM.ActiveCfg = Debug|ARM
		{56229CF6-90A9-4B6F-B379-016BD40D7969}.Debug|ARM.Build.0 = Debug|ARM
		{56229CF6-90A9-4B6F-B379-016BD40D7969}.Debug|x86.ActiveCfg = Debug|x86
		{56229CF6-90A9-4B6F-B379-016BD40D7969}.Debug|x86.Build.0 = Debug|x86
		{56229CF6-90A9-4B6F-B379-016BD40D7969}.Release|Any CPU.ActiveCfg = Release|Any CPU
		{56229CF6-90A9-4B6F-B379-016BD40D7969}.Release|Any CPU.Build.0 = Release|Any CPU
		{56229CF6-90A9-4B6F-B379-016BD40D7969}.Release|ARM.ActiveCfg = Release|ARM
		{56229CF6-90A9-4B6F-B379-016BD40D7969}.Release|ARM.Build.0 = Release|ARM
		{56229CF6-90A9-4B6F-B379-016BD40D7969}.Release|x86.ActiveCfg = Release|x86
		{56229CF6-90A9-4B6F-B379-016BD40D7969}.Release|x86.Build.0 = Release|x86
		{706B5052-ECE9-4CB8-A484-0377FF0CD3BD}.Debug|Any CPU.ActiveCfg = Debug|Any CPU
		{706B5052-ECE9-4CB8-A484-0377FF0CD3BD}.Debug|Any CPU.Build.0 = Debug|Any CPU
		{706B5052-ECE9-4CB8-A484-0377FF0CD3BD}.Debug|ARM.ActiveCfg = Debug|ARM
		{706B5052-ECE9-4CB8-A484-0377FF0CD3BD}.Debug|ARM.Build.0 = Debug|ARM
		{706B5052-ECE9-4CB8-A484-0377FF0CD3BD}.Debug|x86.ActiveCfg = Debug|x86
		{706B5052-ECE9-4CB8-A484-0377FF0CD3BD}.Debug|x86.Build.0 = Debug|x86
		{706B5052-ECE9-4CB8-A484-0377FF0CD3BD}.Release|Any CPU.ActiveCfg = Release|Any CPU
		{706B5052-ECE9-4CB8-A484-0377FF0CD3BD}.Release|Any CPU.Build.0 = Release|Any CPU
		{706B5052-ECE9-4CB8-A484-0377FF0CD3BD}.Release|ARM.ActiveCfg = Release|ARM
		{706B5052-ECE9-4CB8-A484-0377FF0CD3BD}.Release|ARM.Build.0 = Release|ARM
		{706B5052-ECE9-4CB8-A484-0377FF0CD3BD}.Release|x86.ActiveCfg = Release|x86
		{706B5052-ECE9-4CB8-A484-0377FF0CD3BD}.Release|x86.Build.0 = Release|x86
	EndGlobalSection
	GlobalSection(SolutionProperties) = preSolution
		HideSolutionNode = FALSE
	EndGlobalSection
EndGlobal
